
Microsoft Visual Studio Solution File, Format Version 12.00
# Visual Studio Version 16
VisualStudioVersion = 16.6.30114.105
MinimumVisualStudioVersion = 10.0.40219.1
Project("{9A19103F-16F7-4668-BE54-9A1E7A4F7556}") = "R5T.T0061", "R5T.T0061\R5T.T0061.csproj", "{125D217C-B89B-4332-A990-57520452E10E}"
EndProject
Project("{2150E333-8FDC-42A3-9474-1A3956D46DE8}") = "_Dependencies", "_Dependencies", "{191E1B08-EEC8-4658-9EF7-B1D8C0D9BEFE}"
EndProject
Project("{9A19103F-16F7-4668-BE54-9A1E7A4F7556}") = "R5T.T0039.T002", "..\..\R5T.T0039\source\R5T.T0039.T002\R5T.T0039.T002.csproj", "{91E61B72-AD34-4E2B-86FE-128986AC760E}"
EndProject
Global
	GlobalSection(SolutionConfigurationPlatforms) = preSolution
		Debug|Any CPU = Debug|Any CPU
		Debug|x64 = Debug|x64
		Debug|x86 = Debug|x86
		Release|Any CPU = Release|Any CPU
		Release|x64 = Release|x64
		Release|x86 = Release|x86
	EndGlobalSection
	GlobalSection(ProjectConfigurationPlatforms) = postSolution
		{125D217C-B89B-4332-A990-57520452E10E}.Debug|Any CPU.ActiveCfg = Debug|Any CPU
		{125D217C-B89B-4332-A990-57520452E10E}.Debug|Any CPU.Build.0 = Debug|Any CPU
		{125D217C-B89B-4332-A990-57520452E10E}.Debug|x64.ActiveCfg = Debug|Any CPU
		{125D217C-B89B-4332-A990-57520452E10E}.Debug|x64.Build.0 = Debug|Any CPU
		{125D217C-B89B-4332-A990-57520452E10E}.Debug|x86.ActiveCfg = Debug|Any CPU
		{125D217C-B89B-4332-A990-57520452E10E}.Debug|x86.Build.0 = Debug|Any CPU
		{125D217C-B89B-4332-A990-57520452E10E}.Release|Any CPU.ActiveCfg = Release|Any CPU
		{125D217C-B89B-4332-A990-57520452E10E}.Release|Any CPU.Build.0 = Release|Any CPU
		{125D217C-B89B-4332-A990-57520452E10E}.Release|x64.ActiveCfg = Release|Any CPU
		{125D217C-B89B-4332-A990-57520452E10E}.Release|x64.Build.0 = Release|Any CPU
		{125D217C-B89B-4332-A990-57520452E10E}.Release|x86.ActiveCfg = Release|Any CPU
		{125D217C-B89B-4332-A990-57520452E10E}.Release|x86.Build.0 = Release|Any CPU
		{91E61B72-AD34-4E2B-86FE-128986AC760E}.Debug|Any CPU.ActiveCfg = Debug|Any CPU
		{91E61B72-AD34-4E2B-86FE-128986AC760E}.Debug|Any CPU.Build.0 = Debug|Any CPU
		{91E61B72-AD34-4E2B-86FE-128986AC760E}.Debug|x64.ActiveCfg = Debug|Any CPU
		{91E61B72-AD34-4E2B-86FE-128986AC760E}.Debug|x64.Build.0 = Debug|Any CPU
		{91E61B72-AD34-4E2B-86FE-128986AC760E}.Debug|x86.ActiveCfg = Debug|Any CPU
		{91E61B72-AD34-4E2B-86FE-128986AC760E}.Debug|x86.Build.0 = Debug|Any CPU
		{91E61B72-AD34-4E2B-86FE-128986AC760E}.Release|Any CPU.ActiveCfg = Release|Any CPU
		{91E61B72-AD34-4E2B-86FE-128986AC760E}.Release|Any CPU.Build.0 = Release|Any CPU
		{91E61B72-AD34-4E2B-86FE-128986AC760E}.Release|x64.ActiveCfg = Release|Any CPU
		{91E61B72-AD34-4E2B-86FE-128986AC760E}.Release|x64.Build.0 = Release|Any CPU
		{91E61B72-AD34-4E2B-86FE-128986AC760E}.Release|x86.ActiveCfg = Release|Any CPU
		{91E61B72-AD34-4E2B-86FE-128986AC760E}.Release|x86.Build.0 = Release|Any CPU
	EndGlobalSection
	GlobalSection(SolutionProperties) = preSolution
		HideSolutionNode = FALSE
	EndGlobalSection
	GlobalSection(NestedProjects) = preSolution
		{91E61B72-AD34-4E2B-86FE-128986AC760E} = {191E1B08-EEC8-4658-9EF7-B1D8C0D9BEFE}
	EndGlobalSection
	GlobalSection(ExtensibilityGlobals) = postSolution
		SolutionGuid = {8B218183-08B5-4D27-BDD0-9847252998CF}
	EndGlobalSection
EndGlobal
