
Microsoft Visual Studio Solution File, Format Version 12.00
# Visual Studio Version 16
VisualStudioVersion = 16.6.30114.105
MinimumVisualStudioVersion = 10.0.40219.1
Project("{9A19103F-16F7-4668-BE54-9A1E7A4F7556}") = "R5T.T0061", "R5T.T0061\R5T.T0061.csproj", "{125D217C-B89B-4332-A990-57520452E10E}"
EndProject
Project("{2150E333-8FDC-42A3-9474-1A3956D46DE8}") = "_Dependencies", "_Dependencies", "{191E1B08-EEC8-4658-9EF7-B1D8C0D9BEFE}"
EndProject
Project("{9A19103F-16F7-4668-BE54-9A1E7A4F7556}") = "R5T.T0039.T002", "..\..\R5T.T0039\source\R5T.T0039.T002\R5T.T0039.T002.csproj", "{91E61B72-AD34-4E2B-86FE-128986AC760E}"
EndProject
Project("{9A19103F-16F7-4668-BE54-9A1E7A4F7556}") = "R5T.T0061.X001", "R5T.T0061.X001\R5T.T0061.X001.csproj", "{8CBE2D4D-E910-44DB-8768-A1EDCD6A548F}"
EndProject
Project("{9A19103F-16F7-4668-BE54-9A1E7A4F7556}") = "R5T.L0013", "..\..\R5T.L0013\source\R5T.L0013\R5T.L0013.csproj", "{D673641C-CCE6-41B2-A287-77153C046E65}"
EndProject
Project("{9A19103F-16F7-4668-BE54-9A1E7A4F7556}") = "R5T.T0061.X002", "R5T.T0061.X002\R5T.T0061.X002.csproj", "{C879A4C5-9A2B-45E5-9FED-3EBFA8A9F339}"
EndProject
Project("{9A19103F-16F7-4668-BE54-9A1E7A4F7556}") = "R5T.T0079", "..\..\R5T.T0079\source\R5T.T0079\R5T.T0079.csproj", "{E9C032F0-AAE3-4FA6-870A-A5B47498153E}"
EndProject
Global
	GlobalSection(SolutionConfigurationPlatforms) = preSolution
		Debug|Any CPU = Debug|Any CPU
		Debug|x64 = Debug|x64
		Debug|x86 = Debug|x86
		Release|Any CPU = Release|Any CPU
		Release|x64 = Release|x64
		Release|x86 = Release|x86
	EndGlobalSection
	GlobalSection(ProjectConfigurationPlatforms) = postSolution
		{125D217C-B89B-4332-A990-57520452E10E}.Debug|Any CPU.ActiveCfg = Debug|Any CPU
		{125D217C-B89B-4332-A990-57520452E10E}.Debug|Any CPU.Build.0 = Debug|Any CPU
		{125D217C-B89B-4332-A990-57520452E10E}.Debug|x64.ActiveCfg = Debug|Any CPU
		{125D217C-B89B-4332-A990-57520452E10E}.Debug|x64.Build.0 = Debug|Any CPU
		{125D217C-B89B-4332-A990-57520452E10E}.Debug|x86.ActiveCfg = Debug|Any CPU
		{125D217C-B89B-4332-A990-57520452E10E}.Debug|x86.Build.0 = Debug|Any CPU
		{125D217C-B89B-4332-A990-57520452E10E}.Release|Any CPU.ActiveCfg = Release|Any CPU
		{125D217C-B89B-4332-A990-57520452E10E}.Release|Any CPU.Build.0 = Release|Any CPU
		{125D217C-B89B-4332-A990-57520452E10E}.Release|x64.ActiveCfg = Release|Any CPU
		{125D217C-B89B-4332-A990-57520452E10E}.Release|x64.Build.0 = Release|Any CPU
		{125D217C-B89B-4332-A990-57520452E10E}.Release|x86.ActiveCfg = Release|Any CPU
		{125D217C-B89B-4332-A990-57520452E10E}.Release|x86.Build.0 = Release|Any CPU
		{91E61B72-AD34-4E2B-86FE-128986AC760E}.Debug|Any CPU.ActiveCfg = Debug|Any CPU
		{91E61B72-AD34-4E2B-86FE-128986AC760E}.Debug|Any CPU.Build.0 = Debug|Any CPU
		{91E61B72-AD34-4E2B-86FE-128986AC760E}.Debug|x64.ActiveCfg = Debug|Any CPU
		{91E61B72-AD34-4E2B-86FE-128986AC760E}.Debug|x64.Build.0 = Debug|Any CPU
		{91E61B72-AD34-4E2B-86FE-128986AC760E}.Debug|x86.ActiveCfg = Debug|Any CPU
		{91E61B72-AD34-4E2B-86FE-128986AC760E}.Debug|x86.Build.0 = Debug|Any CPU
		{91E61B72-AD34-4E2B-86FE-128986AC760E}.Release|Any CPU.ActiveCfg = Release|Any CPU
		{91E61B72-AD34-4E2B-86FE-128986AC760E}.Release|Any CPU.Build.0 = Release|Any CPU
		{91E61B72-AD34-4E2B-86FE-128986AC760E}.Release|x64.ActiveCfg = Release|Any CPU
		{91E61B72-AD34-4E2B-86FE-128986AC760E}.Release|x64.Build.0 = Release|Any CPU
		{91E61B72-AD34-4E2B-86FE-128986AC760E}.Release|x86.ActiveCfg = Release|Any CPU
		{91E61B72-AD34-4E2B-86FE-128986AC760E}.Release|x86.Build.0 = Release|Any CPU
		{8CBE2D4D-E910-44DB-8768-A1EDCD6A548F}.Debug|Any CPU.ActiveCfg = Debug|Any CPU
		{8CBE2D4D-E910-44DB-8768-A1EDCD6A548F}.Debug|Any CPU.Build.0 = Debug|Any CPU
		{8CBE2D4D-E910-44DB-8768-A1EDCD6A548F}.Debug|x64.ActiveCfg = Debug|Any CPU
		{8CBE2D4D-E910-44DB-8768-A1EDCD6A548F}.Debug|x64.Build.0 = Debug|Any CPU
		{8CBE2D4D-E910-44DB-8768-A1EDCD6A548F}.Debug|x86.ActiveCfg = Debug|Any CPU
		{8CBE2D4D-E910-44DB-8768-A1EDCD6A548F}.Debug|x86.Build.0 = Debug|Any CPU
		{8CBE2D4D-E910-44DB-8768-A1EDCD6A548F}.Release|Any CPU.ActiveCfg = Release|Any CPU
		{8CBE2D4D-E910-44DB-8768-A1EDCD6A548F}.Release|Any CPU.Build.0 = Release|Any CPU
		{8CBE2D4D-E910-44DB-8768-A1EDCD6A548F}.Release|x64.ActiveCfg = Release|Any CPU
		{8CBE2D4D-E910-44DB-8768-A1EDCD6A548F}.Release|x64.Build.0 = Release|Any CPU
		{8CBE2D4D-E910-44DB-8768-A1EDCD6A548F}.Release|x86.ActiveCfg = Release|Any CPU
		{8CBE2D4D-E910-44DB-8768-A1EDCD6A548F}.Release|x86.Build.0 = Release|Any CPU
		{D673641C-CCE6-41B2-A287-77153C046E65}.Debug|Any CPU.ActiveCfg = Debug|Any CPU
		{D673641C-CCE6-41B2-A287-77153C046E65}.Debug|Any CPU.Build.0 = Debug|Any CPU
		{D673641C-CCE6-41B2-A287-77153C046E65}.Debug|x64.ActiveCfg = Debug|Any CPU
		{D673641C-CCE6-41B2-A287-77153C046E65}.Debug|x64.Build.0 = Debug|Any CPU
		{D673641C-CCE6-41B2-A287-77153C046E65}.Debug|x86.ActiveCfg = Debug|Any CPU
		{D673641C-CCE6-41B2-A287-77153C046E65}.Debug|x86.Build.0 = Debug|Any CPU
		{D673641C-CCE6-41B2-A287-77153C046E65}.Release|Any CPU.ActiveCfg = Release|Any CPU
		{D673641C-CCE6-41B2-A287-77153C046E65}.Release|Any CPU.Build.0 = Release|Any CPU
		{D673641C-CCE6-41B2-A287-77153C046E65}.Release|x64.ActiveCfg = Release|Any CPU
		{D673641C-CCE6-41B2-A287-77153C046E65}.Release|x64.Build.0 = Release|Any CPU
		{D673641C-CCE6-41B2-A287-77153C046E65}.Release|x86.ActiveCfg = Release|Any CPU
		{D673641C-CCE6-41B2-A287-77153C046E65}.Release|x86.Build.0 = Release|Any CPU
		{C879A4C5-9A2B-45E5-9FED-3EBFA8A9F339}.Debug|Any CPU.ActiveCfg = Debug|Any CPU
		{C879A4C5-9A2B-45E5-9FED-3EBFA8A9F339}.Debug|Any CPU.Build.0 = Debug|Any CPU
		{C879A4C5-9A2B-45E5-9FED-3EBFA8A9F339}.Debug|x64.ActiveCfg = Debug|Any CPU
		{C879A4C5-9A2B-45E5-9FED-3EBFA8A9F339}.Debug|x64.Build.0 = Debug|Any CPU
		{C879A4C5-9A2B-45E5-9FED-3EBFA8A9F339}.Debug|x86.ActiveCfg = Debug|Any CPU
		{C879A4C5-9A2B-45E5-9FED-3EBFA8A9F339}.Debug|x86.Build.0 = Debug|Any CPU
		{C879A4C5-9A2B-45E5-9FED-3EBFA8A9F339}.Release|Any CPU.ActiveCfg = Release|Any CPU
		{C879A4C5-9A2B-45E5-9FED-3EBFA8A9F339}.Release|Any CPU.Build.0 = Release|Any CPU
		{C879A4C5-9A2B-45E5-9FED-3EBFA8A9F339}.Release|x64.ActiveCfg = Release|Any CPU
		{C879A4C5-9A2B-45E5-9FED-3EBFA8A9F339}.Release|x64.Build.0 = Release|Any CPU
		{C879A4C5-9A2B-45E5-9FED-3EBFA8A9F339}.Release|x86.ActiveCfg = Release|Any CPU
		{C879A4C5-9A2B-45E5-9FED-3EBFA8A9F339}.Release|x86.Build.0 = Release|Any CPU
		{E9C032F0-AAE3-4FA6-870A-A5B47498153E}.Debug|Any CPU.ActiveCfg = Debug|Any CPU
		{E9C032F0-AAE3-4FA6-870A-A5B47498153E}.Debug|Any CPU.Build.0 = Debug|Any CPU
		{E9C032F0-AAE3-4FA6-870A-A5B47498153E}.Debug|x64.ActiveCfg = Debug|Any CPU
		{E9C032F0-AAE3-4FA6-870A-A5B47498153E}.Debug|x64.Build.0 = Debug|Any CPU
		{E9C032F0-AAE3-4FA6-870A-A5B47498153E}.Debug|x86.ActiveCfg = Debug|Any CPU
		{E9C032F0-AAE3-4FA6-870A-A5B47498153E}.Debug|x86.Build.0 = Debug|Any CPU
		{E9C032F0-AAE3-4FA6-870A-A5B47498153E}.Release|Any CPU.ActiveCfg = Release|Any CPU
		{E9C032F0-AAE3-4FA6-870A-A5B47498153E}.Release|Any CPU.Build.0 = Release|Any CPU
		{E9C032F0-AAE3-4FA6-870A-A5B47498153E}.Release|x64.ActiveCfg = Release|Any CPU
		{E9C032F0-AAE3-4FA6-870A-A5B47498153E}.Release|x64.Build.0 = Release|Any CPU
		{E9C032F0-AAE3-4FA6-870A-A5B47498153E}.Release|x86.ActiveCfg = Release|Any CPU
		{E9C032F0-AAE3-4FA6-870A-A5B47498153E}.Release|x86.Build.0 = Release|Any CPU
	EndGlobalSection
	GlobalSection(SolutionProperties) = preSolution
		HideSolutionNode = FALSE
	EndGlobalSection
	GlobalSection(NestedProjects) = preSolution
		{91E61B72-AD34-4E2B-86FE-128986AC760E} = {191E1B08-EEC8-4658-9EF7-B1D8C0D9BEFE}
		{D673641C-CCE6-41B2-A287-77153C046E65} = {191E1B08-EEC8-4658-9EF7-B1D8C0D9BEFE}
		{E9C032F0-AAE3-4FA6-870A-A5B47498153E} = {191E1B08-EEC8-4658-9EF7-B1D8C0D9BEFE}
	EndGlobalSection
	GlobalSection(ExtensibilityGlobals) = postSolution
		SolutionGuid = {8B218183-08B5-4D27-BDD0-9847252998CF}
	EndGlobalSection
EndGlobal
